schema: '2.0'
stages:
  preprocess:
    cmd: python src/preprocess.py
    deps:
    - path: data/raw/tweets_suspect.csv
      hash: md5
      md5: 60e5f26c964cb0a766047fd993102170
      size: 4695170
    - path: src/preprocess.py
      hash: md5
      md5: d5f4b93bf12c928a2fa40fdfa93b266e
      size: 1173
    - path: src/text_cleaning.py
      hash: md5
      md5: be62f675f6bfe3de81e041ec11d25c71
      size: 1173
    params:
      params.yaml:
        preprocess.random_state: 42
        preprocess.test_size: 0.2
    outs:
    - path: data/processed/test.csv
      hash: md5
      md5: 67698fcc6e18c112d1aae2f2dc7d3d52
      size: 1429877
    - path: data/processed/train.csv
      hash: md5
      md5: 604e779650e85dc633bc3462415c5405
      size: 5737380
  train:
    cmd: python src/train.py
    deps:
    - path: data/processed/train.csv
      hash: md5
      md5: 604e779650e85dc633bc3462415c5405
      size: 5737380
    - path: src/train.py
      hash: md5
      md5: 126f4d8607a95303051a8e4c232448f7
      size: 2372
    params:
      params.yaml:
        train.imbalance_strategy: class_weight
        train.max_features: 20000
        train.model: random_forest
        train.ngram_max: 2
        train.random_state: 42
    outs:
    - path: models/model.joblib
      hash: md5
      md5: 546f8cb3aa0a4599f79f38a43ca4a23e
      size: 179257593
    - path: models/vectorizer.joblib
      hash: md5
      md5: c214017883a832158bab781f89a2437c
      size: 768163
  evaluate:
    cmd: python src/evaluate.py
    deps:
    - path: data/processed/test.csv
      hash: md5
      md5: 67698fcc6e18c112d1aae2f2dc7d3d52
      size: 1429877
    - path: models/model.joblib
      hash: md5
      md5: 546f8cb3aa0a4599f79f38a43ca4a23e
      size: 179257593
    - path: models/vectorizer.joblib
      hash: md5
      md5: c214017883a832158bab781f89a2437c
      size: 768163
    - path: src/evaluate.py
      hash: md5
      md5: 07b77f9ba8cabe690c2317b5848d4abc
      size: 1936
    outs:
    - path: metrics/confusion_matrix.png
      hash: md5
      md5: 0d8cc9c043f80c6c7da81478be676ba5
      size: 19225
    - path: metrics/metrics.json
      hash: md5
      md5: feed14ee403fd0e60f3158dc2a6197a8
      size: 174
    - path: metrics/roc_curve.png
      hash: md5
      md5: ee25c637c6530c2820dafc3937ce708a
      size: 25374
